
Microsoft Visual Studio Solution File, Format Version 12.00
# Visual Studio Version 17
VisualStudioVersion = 17.10.34928.147
MinimumVisualStudioVersion = 10.0.40219.1
Project("{FAE04EC0-301F-11D3-BF4B-00C04F79EFBC}") = "SoftDelete", "SoftDelete\SoftDelete.csproj", "{1CAC722C-B6B3-4ACE-A1D8-295176E37515}"
EndProject
Global
	GlobalSection(SolutionConfigurationPlatforms) = preSolution
		Debug|Any CPU = Debug|Any CPU
		Release|Any CPU = Release|Any CPU
	EndGlobalSection
	GlobalSection(ProjectConfigurationPlatforms) = postSolution
		{1CAC722C-B6B3-4ACE-A1D8-295176E37515}.Debug|Any CPU.ActiveCfg = Debug|Any CPU
		{1CAC722C-B6B3-4ACE-A1D8-295176E37515}.Debug|Any CPU.Build.0 = Debug|Any CPU
		{1CAC722C-B6B3-4ACE-A1D8-295176E37515}.Release|Any CPU.ActiveCfg = Release|Any CPU
		{1CAC722C-B6B3-4ACE-A1D8-295176E37515}.Release|Any CPU.Build.0 = Release|Any CPU
	EndGlobalSection
	GlobalSection(SolutionProperties) = preSolution
		HideSolutionNode = FALSE
	EndGlobalSection
	GlobalSection(ExtensibilityGlobals) = postSolution
		SolutionGuid = {96606F17-9B5E-4D60-B223-A932BC02347B}
	EndGlobalSection
EndGlobal
